
Microsoft Visual Studio Solution File, Format Version 12.00
# Visual Studio 2017
Project("{FAE04EC0-301F-11D3-BF4B-00C04F79EFBC}") = "Juicy_Red_Cube", "Juicy_Red_Cube.csproj", "{DE38DAF1-81B4-0456-5C5D-1F0914231256}"
EndProject
Global
	GlobalSection(SolutionConfigurationPlatforms) = preSolution
		Debug|Any CPU = Debug|Any CPU
		Release|Any CPU = Release|Any CPU
	EndGlobalSection
	GlobalSection(ProjectConfigurationPlatforms) = postSolution
		{DE38DAF1-81B4-0456-5C5D-1F0914231256}.Debug|Any CPU.ActiveCfg = Debug|Any CPU
		{DE38DAF1-81B4-0456-5C5D-1F0914231256}.Debug|Any CPU.Build.0 = Debug|Any CPU
		{DE38DAF1-81B4-0456-5C5D-1F0914231256}.Release|Any CPU.ActiveCfg = Release|Any CPU
		{DE38DAF1-81B4-0456-5C5D-1F0914231256}.Release|Any CPU.Build.0 = Release|Any CPU
	EndGlobalSection
	GlobalSection(SolutionProperties) = preSolution
		HideSolutionNode = FALSE
	EndGlobalSection
EndGlobal
